
Microsoft Visual Studio Solution File, Format Version 12.00
# Visual Studio Version 16
VisualStudioVersion = 16.0.810.22
MinimumVisualStudioVersion = 10.0.40219.1
Project("{FAE04EC0-301F-11D3-BF4B-00C04F79EFBC}") = "7.9.Studio_Fun_with_Quizzes", "7.9.Studio_Fun_with_Quizzes\7.9.Studio_Fun_with_Quizzes.csproj", "{860446E3-7EE8-4349-B890-2D2C131BA13D}"
EndProject
Global
	GlobalSection(SolutionConfigurationPlatforms) = preSolution
		Debug|Any CPU = Debug|Any CPU
		Release|Any CPU = Release|Any CPU
	EndGlobalSection
	GlobalSection(ProjectConfigurationPlatforms) = postSolution
		{860446E3-7EE8-4349-B890-2D2C131BA13D}.Debug|Any CPU.ActiveCfg = Debug|Any CPU
		{860446E3-7EE8-4349-B890-2D2C131BA13D}.Debug|Any CPU.Build.0 = Debug|Any CPU
		{860446E3-7EE8-4349-B890-2D2C131BA13D}.Release|Any CPU.ActiveCfg = Release|Any CPU
		{860446E3-7EE8-4349-B890-2D2C131BA13D}.Release|Any CPU.Build.0 = Release|Any CPU
	EndGlobalSection
	GlobalSection(SolutionProperties) = preSolution
		HideSolutionNode = FALSE
	EndGlobalSection
	GlobalSection(ExtensibilityGlobals) = postSolution
		SolutionGuid = {6B64629F-0E88-471A-9A15-5413171CD4E4}
	EndGlobalSection
EndGlobal
